
Microsoft Visual Studio Solution File, Format Version 12.00
# Visual Studio 14
VisualStudioVersion = 14.0.25420.1
MinimumVisualStudioVersion = 10.0.40219.1
Project("{FAE04EC0-301F-11D3-BF4B-00C04F79EFBC}") = "Login", "Login\Login.csproj", "{CB5C6066-94BA-4A30-B3B1-33657B3D9090}"
EndProject
Project("{FAE04EC0-301F-11D3-BF4B-00C04F79EFBC}") = "Domain", "Domain\Domain.csproj", "{4317C67E-A7C9-4B8A-878C-B472B476A72E}"
EndProject
Project("{FAE04EC0-301F-11D3-BF4B-00C04F79EFBC}") = "DataAccess", "DataAccess\DataAccess.csproj", "{62AECE5B-B186-48B9-B899-3311128D21CE}"
EndProject
Project("{FAE04EC0-301F-11D3-BF4B-00C04F79EFBC}") = "Common", "Common\Common.csproj", "{769312A2-D27C-4C9E-A897-E8D9838EB54D}"
EndProject
Global
	GlobalSection(SolutionConfigurationPlatforms) = preSolution
		Debug|Any CPU = Debug|Any CPU
		Release|Any CPU = Release|Any CPU
	EndGlobalSection
	GlobalSection(ProjectConfigurationPlatforms) = postSolution
		{CB5C6066-94BA-4A30-B3B1-33657B3D9090}.Debug|Any CPU.ActiveCfg = Debug|Any CPU
		{CB5C6066-94BA-4A30-B3B1-33657B3D9090}.Debug|Any CPU.Build.0 = Debug|Any CPU
		{CB5C6066-94BA-4A30-B3B1-33657B3D9090}.Release|Any CPU.ActiveCfg = Release|Any CPU
		{CB5C6066-94BA-4A30-B3B1-33657B3D9090}.Release|Any CPU.Build.0 = Release|Any CPU
		{4317C67E-A7C9-4B8A-878C-B472B476A72E}.Debug|Any CPU.ActiveCfg = Debug|Any CPU
		{4317C67E-A7C9-4B8A-878C-B472B476A72E}.Debug|Any CPU.Build.0 = Debug|Any CPU
		{4317C67E-A7C9-4B8A-878C-B472B476A72E}.Release|Any CPU.ActiveCfg = Release|Any CPU
		{4317C67E-A7C9-4B8A-878C-B472B476A72E}.Release|Any CPU.Build.0 = Release|Any CPU
		{62AECE5B-B186-48B9-B899-3311128D21CE}.Debug|Any CPU.ActiveCfg = Debug|Any CPU
		{62AECE5B-B186-48B9-B899-3311128D21CE}.Debug|Any CPU.Build.0 = Debug|Any CPU
		{62AECE5B-B186-48B9-B899-3311128D21CE}.Release|Any CPU.ActiveCfg = Release|Any CPU
		{62AECE5B-B186-48B9-B899-3311128D21CE}.Release|Any CPU.Build.0 = Release|Any CPU
		{769312A2-D27C-4C9E-A897-E8D9838EB54D}.Debug|Any CPU.ActiveCfg = Debug|Any CPU
		{769312A2-D27C-4C9E-A897-E8D9838EB54D}.Debug|Any CPU.Build.0 = Debug|Any CPU
		{769312A2-D27C-4C9E-A897-E8D9838EB54D}.Release|Any CPU.ActiveCfg = Release|Any CPU
		{769312A2-D27C-4C9E-A897-E8D9838EB54D}.Release|Any CPU.Build.0 = Release|Any CPU
	EndGlobalSection
	GlobalSection(SolutionProperties) = preSolution
		HideSolutionNode = FALSE
	EndGlobalSection
EndGlobal
